// !$*UTF8*$!
{
	archiveVersion = 1;
	classes = {
	};
	objectVersion = 50;
	objects = {

/* Begin PBXBuildFile section */
		171575902392D4A500204BF0 /* StatementsViewController.storyboard in Resources */ = {isa = PBXBuildFile; fileRef = 1715758F2392D4A500204BF0 /* StatementsViewController.storyboard */; };
		171575922392D4B000204BF0 /* StatementsViewController.swift in Sources */ = {isa = PBXBuildFile; fileRef = 171575912392D4B000204BF0 /* StatementsViewController.swift */; };
		1744604F23940B99000FC8C1 /* StatementViewModel.swift in Sources */ = {isa = PBXBuildFile; fileRef = 1744604E23940B99000FC8C1 /* StatementViewModel.swift */; };
		177787672392F3CD003EE209 /* StatementCell.swift in Sources */ = {isa = PBXBuildFile; fileRef = 177787662392F3CD003EE209 /* StatementCell.swift */; };
		179EFC5723A51F15006B69FF /* Date+Format.swift in Sources */ = {isa = PBXBuildFile; fileRef = 179EFC5623A51F15006B69FF /* Date+Format.swift */; };
		179EFC5923A52165006B69FF /* Operation.swift in Sources */ = {isa = PBXBuildFile; fileRef = 179EFC5823A52165006B69FF /* Operation.swift */; };
		17B5862F2391C19B00572937 /* AppDelegate.swift in Sources */ = {isa = PBXBuildFile; fileRef = 17B5862E2391C19B00572937 /* AppDelegate.swift */; };
		17B586312391C19B00572937 /* SceneDelegate.swift in Sources */ = {isa = PBXBuildFile; fileRef = 17B586302391C19B00572937 /* SceneDelegate.swift */; };
		17B586332391C19B00572937 /* BalanceViewController.swift in Sources */ = {isa = PBXBuildFile; fileRef = 17B586322391C19B00572937 /* BalanceViewController.swift */; };
		17B586362391C19B00572937 /* BalanceViewController.storyboard in Resources */ = {isa = PBXBuildFile; fileRef = 17B586342391C19B00572937 /* BalanceViewController.storyboard */; };
		17B586382391C19C00572937 /* Assets.xcassets in Resources */ = {isa = PBXBuildFile; fileRef = 17B586372391C19C00572937 /* Assets.xcassets */; };
		17B5863B2391C19C00572937 /* LaunchScreen.storyboard in Resources */ = {isa = PBXBuildFile; fileRef = 17B586392391C19C00572937 /* LaunchScreen.storyboard */; };
		17CE70D823A0F51E00CE781C /* AccountStatementTests.swift in Sources */ = {isa = PBXBuildFile; fileRef = 17CE70D723A0F51E00CE781C /* AccountStatementTests.swift */; };
		17CE70DB23A0F69000CE781C /* Account.swift in Sources */ = {isa = PBXBuildFile; fileRef = 17CE70DA23A0F69000CE781C /* Account.swift */; };
		17CE70DD23A0F90700CE781C /* StatementLine.swift in Sources */ = {isa = PBXBuildFile; fileRef = 17CE70DC23A0F90700CE781C /* StatementLine.swift */; };
/* End PBXBuildFile section */

/* Begin PBXContainerItemProxy section */
		17B586422391C19C00572937 /* PBXContainerItemProxy */ = {
			isa = PBXContainerItemProxy;
			containerPortal = 17B586232391C19B00572937 /* Project object */;
			proxyType = 1;
			remoteGlobalIDString = 17B5862A2391C19B00572937;
			remoteInfo = BankAccountEsgi;
		};
/* End PBXContainerItemProxy section */

/* Begin PBXFileReference section */
		1715758F2392D4A500204BF0 /* StatementsViewController.storyboard */ = {isa = PBXFileReference; lastKnownFileType = file.storyboard; path = StatementsViewController.storyboard; sourceTree = "<group>"; };
		171575912392D4B000204BF0 /* StatementsViewController.swift */ = {isa = PBXFileReference; lastKnownFileType = sourcecode.swift; path = StatementsViewController.swift; sourceTree = "<group>"; };
		1744604E23940B99000FC8C1 /* StatementViewModel.swift */ = {isa = PBXFileReference; lastKnownFileType = sourcecode.swift; path = StatementViewModel.swift; sourceTree = "<group>"; };
		177787662392F3CD003EE209 /* StatementCell.swift */ = {isa = PBXFileReference; lastKnownFileType = sourcecode.swift; path = StatementCell.swift; sourceTree = "<group>"; };
		179EFC5623A51F15006B69FF /* Date+Format.swift */ = {isa = PBXFileReference; lastKnownFileType = sourcecode.swift; path = "Date+Format.swift"; sourceTree = "<group>"; };
		179EFC5823A52165006B69FF /* Operation.swift */ = {isa = PBXFileReference; lastKnownFileType = sourcecode.swift; path = Operation.swift; sourceTree = "<group>"; };
		17B5862B2391C19B00572937 /* BankAccountEsgi.app */ = {isa = PBXFileReference; explicitFileType = wrapper.application; includeInIndex = 0; path = BankAccountEsgi.app; sourceTree = BUILT_PRODUCTS_DIR; };
		17B5862E2391C19B00572937 /* AppDelegate.swift */ = {isa = PBXFileReference; lastKnownFileType = sourcecode.swift; path = AppDelegate.swift; sourceTree = "<group>"; };
		17B586302391C19B00572937 /* SceneDelegate.swift */ = {isa = PBXFileReference; lastKnownFileType = sourcecode.swift; path = SceneDelegate.swift; sourceTree = "<group>"; };
		17B586322391C19B00572937 /* BalanceViewController.swift */ = {isa = PBXFileReference; lastKnownFileType = sourcecode.swift; path = BalanceViewController.swift; sourceTree = "<group>"; };
		17B586352391C19B00572937 /* Base */ = {isa = PBXFileReference; lastKnownFileType = file.storyboard; name = Base; path = Base.lproj/BalanceViewController.storyboard; sourceTree = "<group>"; };
		17B586372391C19C00572937 /* Assets.xcassets */ = {isa = PBXFileReference; lastKnownFileType = folder.assetcatalog; path = Assets.xcassets; sourceTree = "<group>"; };
		17B5863A2391C19C00572937 /* Base */ = {isa = PBXFileReference; lastKnownFileType = file.storyboard; name = Base; path = Base.lproj/LaunchScreen.storyboard; sourceTree = "<group>"; };
		17B5863C2391C19C00572937 /* Info.plist */ = {isa = PBXFileReference; lastKnownFileType = text.plist.xml; path = Info.plist; sourceTree = "<group>"; };
		17B586412391C19C00572937 /* BankAccountEsgiTests.xctest */ = {isa = PBXFileReference; explicitFileType = wrapper.cfbundle; includeInIndex = 0; path = BankAccountEsgiTests.xctest; sourceTree = BUILT_PRODUCTS_DIR; };
		17B586472391C19C00572937 /* Info.plist */ = {isa = PBXFileReference; lastKnownFileType = text.plist.xml; path = Info.plist; sourceTree = "<group>"; };
		17CE70D723A0F51E00CE781C /* AccountStatementTests.swift */ = {isa = PBXFileReference; lastKnownFileType = sourcecode.swift; path = AccountStatementTests.swift; sourceTree = "<group>"; };
		17CE70DA23A0F69000CE781C /* Account.swift */ = {isa = PBXFileReference; lastKnownFileType = sourcecode.swift; path = Account.swift; sourceTree = "<group>"; };
		17CE70DC23A0F90700CE781C /* StatementLine.swift */ = {isa = PBXFileReference; lastKnownFileType = sourcecode.swift; path = StatementLine.swift; sourceTree = "<group>"; };
/* End PBXFileReference section */

/* Begin PBXFrameworksBuildPhase section */
		17B586282391C19B00572937 /* Frameworks */ = {
			isa = PBXFrameworksBuildPhase;
			buildActionMask = 2147483647;
			files = (
			);
			runOnlyForDeploymentPostprocessing = 0;
		};
		17B5863E2391C19C00572937 /* Frameworks */ = {
			isa = PBXFrameworksBuildPhase;
			buildActionMask = 2147483647;
			files = (
			);
			runOnlyForDeploymentPostprocessing = 0;
		};
/* End PBXFrameworksBuildPhase section */

/* Begin PBXGroup section */
		179EFC5523A51EF8006B69FF /* Utils */ = {
			isa = PBXGroup;
			children = (
				179EFC5623A51F15006B69FF /* Date+Format.swift */,
			);
			path = Utils;
			sourceTree = "<group>";
		};
		17B586222391C19B00572937 = {
			isa = PBXGroup;
			children = (
				17B5862D2391C19B00572937 /* BankAccountEsgi */,
				17B586442391C19C00572937 /* BankAccountEsgiTests */,
				17B5862C2391C19B00572937 /* Products */,
			);
			sourceTree = "<group>";
		};
		17B5862C2391C19B00572937 /* Products */ = {
			isa = PBXGroup;
			children = (
				17B5862B2391C19B00572937 /* BankAccountEsgi.app */,
				17B586412391C19C00572937 /* BankAccountEsgiTests.xctest */,
			);
			name = Products;
			sourceTree = "<group>";
		};
		17B5862D2391C19B00572937 /* BankAccountEsgi */ = {
			isa = PBXGroup;
			children = (
				17EECFD02392D27900935632 /* App */,
				17CE70D923A0F67B00CE781C /* Domain */,
				17EECFD12392D28800935632 /* Scenes */,
				179EFC5523A51EF8006B69FF /* Utils */,
				17B586372391C19C00572937 /* Assets.xcassets */,
				17B5863C2391C19C00572937 /* Info.plist */,
			);
			path = BankAccountEsgi;
			sourceTree = "<group>";
		};
		17B586442391C19C00572937 /* BankAccountEsgiTests */ = {
			isa = PBXGroup;
			children = (
				17CE70D723A0F51E00CE781C /* AccountStatementTests.swift */,
				17B586472391C19C00572937 /* Info.plist */,
			);
			path = BankAccountEsgiTests;
			sourceTree = "<group>";
		};
		17CE70D923A0F67B00CE781C /* Domain */ = {
			isa = PBXGroup;
			children = (
				17CE70DA23A0F69000CE781C /* Account.swift */,
				179EFC5823A52165006B69FF /* Operation.swift */,
				17CE70DC23A0F90700CE781C /* StatementLine.swift */,
			);
			path = Domain;
			sourceTree = "<group>";
		};
		17EECFD02392D27900935632 /* App */ = {
			isa = PBXGroup;
			children = (
				17B5862E2391C19B00572937 /* AppDelegate.swift */,
				17B586302391C19B00572937 /* SceneDelegate.swift */,
			);
			path = App;
			sourceTree = "<group>";
		};
		17EECFD12392D28800935632 /* Scenes */ = {
			isa = PBXGroup;
			children = (
				17EECFD42392D2AE00935632 /* Launch */,
				17EECFD22392D28F00935632 /* Balance */,
				17EECFD32392D2A200935632 /* Statements */,
			);
			path = Scenes;
			sourceTree = "<group>";
		};
		17EECFD22392D28F00935632 /* Balance */ = {
			isa = PBXGroup;
			children = (
				17B586322391C19B00572937 /* BalanceViewController.swift */,
				17B586342391C19B00572937 /* BalanceViewController.storyboard */,
			);
			path = Balance;
			sourceTree = "<group>";
		};
		17EECFD32392D2A200935632 /* Statements */ = {
			isa = PBXGroup;
			children = (
				171575912392D4B000204BF0 /* StatementsViewController.swift */,
				177787662392F3CD003EE209 /* StatementCell.swift */,
				1744604E23940B99000FC8C1 /* StatementViewModel.swift */,
				1715758F2392D4A500204BF0 /* StatementsViewController.storyboard */,
			);
			path = Statements;
			sourceTree = "<group>";
		};
		17EECFD42392D2AE00935632 /* Launch */ = {
			isa = PBXGroup;
			children = (
				17B586392391C19C00572937 /* LaunchScreen.storyboard */,
			);
			path = Launch;
			sourceTree = "<group>";
		};
/* End PBXGroup section */

/* Begin PBXNativeTarget section */
		17B5862A2391C19B00572937 /* BankAccountEsgi */ = {
			isa = PBXNativeTarget;
			buildConfigurationList = 17B5864A2391C19C00572937 /* Build configuration list for PBXNativeTarget "BankAccountEsgi" */;
			buildPhases = (
				17B586272391C19B00572937 /* Sources */,
				17B586282391C19B00572937 /* Frameworks */,
				17B586292391C19B00572937 /* Resources */,
			);
			buildRules = (
			);
			dependencies = (
			);
			name = BankAccountEsgi;
			productName = BankAccountEsgi;
			productReference = 17B5862B2391C19B00572937 /* BankAccountEsgi.app */;
			productType = "com.apple.product-type.application";
		};
		17B586402391C19C00572937 /* BankAccountEsgiTests */ = {
			isa = PBXNativeTarget;
			buildConfigurationList = 17B5864D2391C19C00572937 /* Build configuration list for PBXNativeTarget "BankAccountEsgiTests" */;
			buildPhases = (
				17B5863D2391C19C00572937 /* Sources */,
				17B5863E2391C19C00572937 /* Frameworks */,
				17B5863F2391C19C00572937 /* Resources */,
			);
			buildRules = (
			);
			dependencies = (
				17B586432391C19C00572937 /* PBXTargetDependency */,
			);
			name = BankAccountEsgiTests;
			productName = BankAccountEsgiTests;
			productReference = 17B586412391C19C00572937 /* BankAccountEsgiTests.xctest */;
			productType = "com.apple.product-type.bundle.unit-test";
		};
/* End PBXNativeTarget section */

/* Begin PBXProject section */
		17B586232391C19B00572937 /* Project object */ = {
			isa = PBXProject;
			attributes = {
				LastSwiftUpdateCheck = 1110;
				LastUpgradeCheck = 1110;
				ORGANIZATIONNAME = beNext;
				TargetAttributes = {
					17B5862A2391C19B00572937 = {
						CreatedOnToolsVersion = 11.1;
					};
					17B586402391C19C00572937 = {
						CreatedOnToolsVersion = 11.1;
						TestTargetID = 17B5862A2391C19B00572937;
					};
				};
			};
			buildConfigurationList = 17B586262391C19B00572937 /* Build configuration list for PBXProject "BankAccountEsgi" */;
			compatibilityVersion = "Xcode 9.3";
			developmentRegion = en;
			hasScannedForEncodings = 0;
			knownRegions = (
				en,
				Base,
			);
			mainGroup = 17B586222391C19B00572937;
			productRefGroup = 17B5862C2391C19B00572937 /* Products */;
			projectDirPath = "";
			projectRoot = "";
			targets = (
				17B5862A2391C19B00572937 /* BankAccountEsgi */,
				17B586402391C19C00572937 /* BankAccountEsgiTests */,
			);
		};
/* End PBXProject section */

/* Begin PBXResourcesBuildPhase section */
		17B586292391C19B00572937 /* Resources */ = {
			isa = PBXResourcesBuildPhase;
			buildActionMask = 2147483647;
			files = (
				17B5863B2391C19C00572937 /* LaunchScreen.storyboard in Resources */,
				171575902392D4A500204BF0 /* StatementsViewController.storyboard in Resources */,
				17B586382391C19C00572937 /* Assets.xcassets in Resources */,
				17B586362391C19B00572937 /* BalanceViewController.storyboard in Resources */,
			);
			runOnlyForDeploymentPostprocessing = 0;
		};
		17B5863F2391C19C00572937 /* Resources */ = {
			isa = PBXResourcesBuildPhase;
			buildActionMask = 2147483647;
			files = (
			);
			runOnlyForDeploymentPostprocessing = 0;
		};
/* End PBXResourcesBuildPhase section */

/* Begin PBXSourcesBuildPhase section */
		17B586272391C19B00572937 /* Sources */ = {
			isa = PBXSourcesBuildPhase;
			buildActionMask = 2147483647;
			files = (
				1744604F23940B99000FC8C1 /* StatementViewModel.swift in Sources */,
				179EFC5723A51F15006B69FF /* Date+Format.swift in Sources */,
				171575922392D4B000204BF0 /* StatementsViewController.swift in Sources */,
				179EFC5923A52165006B69FF /* Operation.swift in Sources */,
				177787672392F3CD003EE209 /* StatementCell.swift in Sources */,
				17CE70DD23A0F90700CE781C /* StatementLine.swift in Sources */,
				17B586332391C19B00572937 /* BalanceViewController.swift in Sources */,
				17B5862F2391C19B00572937 /* AppDelegate.swift in Sources */,
				17B586312391C19B00572937 /* SceneDelegate.swift in Sources */,
				17CE70DB23A0F69000CE781C /* Account.swift in Sources */,
			);
			runOnlyForDeploymentPostprocessing = 0;
		};
		17B5863D2391C19C00572937 /* Sources */ = {
			isa = PBXSourcesBuildPhase;
			buildActionMask = 2147483647;
			files = (
				17CE70D823A0F51E00CE781C /* AccountStatementTests.swift in Sources */,
			);
			runOnlyForDeploymentPostprocessing = 0;
		};
/* End PBXSourcesBuildPhase section */

/* Begin PBXTargetDependency section */
		17B586432391C19C00572937 /* PBXTargetDependency */ = {
			isa = PBXTargetDependency;
			target = 17B5862A2391C19B00572937 /* BankAccountEsgi */;
			targetProxy = 17B586422391C19C00572937 /* PBXContainerItemProxy */;
		};
/* End PBXTargetDependency section */

/* Begin PBXVariantGroup section */
		17B586342391C19B00572937 /* BalanceViewController.storyboard */ = {
			isa = PBXVariantGroup;
			children = (
				17B586352391C19B00572937 /* Base */,
			);
			name = BalanceViewController.storyboard;
			sourceTree = "<group>";
		};
		17B586392391C19C00572937 /* LaunchScreen.storyboard */ = {
			isa = PBXVariantGroup;
			children = (
				17B5863A2391C19C00572937 /* Base */,
			);
			name = LaunchScreen.storyboard;
			sourceTree = "<group>";
		};
/* End PBXVariantGroup section */

/* Begin XCBuildConfiguration section */
		17B586482391C19C00572937 /* Debug */ = {
			isa = XCBuildConfiguration;
			buildSettings = {
				ALWAYS_SEARCH_USER_PATHS = NO;
				CLANG_ANALYZER_NONNULL = YES;
				CLANG_ANALYZER_NUMBER_OBJECT_CONVERSION = YES_AGGRESSIVE;
				CLANG_CXX_LANGUAGE_STANDARD = "gnu++14";
				CLANG_CXX_LIBRARY = "libc++";
				CLANG_ENABLE_MODULES = YES;
				CLANG_ENABLE_OBJC_ARC = YES;
				CLANG_ENABLE_OBJC_WEAK = YES;
				CLANG_WARN_BLOCK_CAPTURE_AUTORELEASING = YES;
				CLANG_WARN_BOOL_CONVERSION = YES;
				CLANG_WARN_COMMA = YES;
				CLANG_WARN_CONSTANT_CONVERSION = YES;
				CLANG_WARN_DEPRECATED_OBJC_IMPLEMENTATIONS = YES;
				CLANG_WARN_DIRECT_OBJC_ISA_USAGE = YES_ERROR;
				CLANG_WARN_DOCUMENTATION_COMMENTS = YES;
				CLANG_WARN_EMPTY_BODY = YES;
				CLANG_WARN_ENUM_CONVERSION = YES;
				CLANG_WARN_INFINITE_RECURSION = YES;
				CLANG_WARN_INT_CONVERSION = YES;
				CLANG_WARN_NON_LITERAL_NULL_CONVERSION = YES;
				CLANG_WARN_OBJC_IMPLICIT_RETAIN_SELF = YES;
				CLANG_WARN_OBJC_LITERAL_CONVERSION = YES;
				CLANG_WARN_OBJC_ROOT_CLASS = YES_ERROR;
				CLANG_WARN_RANGE_LOOP_ANALYSIS = YES;
				CLANG_WARN_STRICT_PROTOTYPES = YES;
				CLANG_WARN_SUSPICIOUS_MOVE = YES;
				CLANG_WARN_UNGUARDED_AVAILABILITY = YES_AGGRESSIVE;
				CLANG_WARN_UNREACHABLE_CODE = YES;
				CLANG_WARN__DUPLICATE_METHOD_MATCH = YES;
				COPY_PHASE_STRIP = NO;
				DEBUG_INFORMATION_FORMAT = dwarf;
				ENABLE_STRICT_OBJC_MSGSEND = YES;
				ENABLE_TESTABILITY = YES;
				GCC_C_LANGUAGE_STANDARD = gnu11;
				GCC_DYNAMIC_NO_PIC = NO;
				GCC_NO_COMMON_BLOCKS = YES;
				GCC_OPTIMIZATION_LEVEL = 0;
				GCC_PREPROCESSOR_DEFINITIONS = (
					"DEBUG=1",
					"$(inherited)",
				);
				GCC_WARN_64_TO_32_BIT_CONVERSION = YES;
				GCC_WARN_ABOUT_RETURN_TYPE = YES_ERROR;
				GCC_WARN_UNDECLARED_SELECTOR = YES;
				GCC_WARN_UNINITIALIZED_AUTOS = YES_AGGRESSIVE;
				GCC_WARN_UNUSED_FUNCTION = YES;
				GCC_WARN_UNUSED_VARIABLE = YES;
				IPHONEOS_DEPLOYMENT_TARGET = 13.1;
				MTL_ENABLE_DEBUG_INFO = INCLUDE_SOURCE;
				MTL_FAST_MATH = YES;
				ONLY_ACTIVE_ARCH = YES;
				SDKROOT = iphoneos;
				SWIFT_ACTIVE_COMPILATION_CONDITIONS = DEBUG;
				SWIFT_OPTIMIZATION_LEVEL = "-Onone";
			};
			name = Debug;
		};
		17B586492391C19C00572937 /* Release */ = {
			isa = XCBuildConfiguration;
			buildSettings = {
				ALWAYS_SEARCH_USER_PATHS = NO;
				CLANG_ANALYZER_NONNULL = YES;
				CLANG_ANALYZER_NUMBER_OBJECT_CONVERSION = YES_AGGRESSIVE;
				CLANG_CXX_LANGUAGE_STANDARD = "gnu++14";
				CLANG_CXX_LIBRARY = "libc++";
				CLANG_ENABLE_MODULES = YES;
				CLANG_ENABLE_OBJC_ARC = YES;
				CLANG_ENABLE_OBJC_WEAK = YES;
				CLANG_WARN_BLOCK_CAPTURE_AUTORELEASING = YES;
				CLANG_WARN_BOOL_CONVERSION = YES;
				CLANG_WARN_COMMA = YES;
				CLANG_WARN_CONSTANT_CONVERSION = YES;
				CLANG_WARN_DEPRECATED_OBJC_IMPLEMENTATIONS = YES;
				CLANG_WARN_DIRECT_OBJC_ISA_USAGE = YES_ERROR;
				CLANG_WARN_DOCUMENTATION_COMMENTS = YES;
				CLANG_WARN_EMPTY_BODY = YES;
				CLANG_WARN_ENUM_CONVERSION = YES;
				CLANG_WARN_INFINITE_RECURSION = YES;
				CLANG_WARN_INT_CONVERSION = YES;
				CLANG_WARN_NON_LITERAL_NULL_CONVERSION = YES;
				CLANG_WARN_OBJC_IMPLICIT_RETAIN_SELF = YES;
				CLANG_WARN_OBJC_LITERAL_CONVERSION = YES;
				CLANG_WARN_OBJC_ROOT_CLASS = YES_ERROR;
				CLANG_WARN_RANGE_LOOP_ANALYSIS = YES;
				CLANG_WARN_STRICT_PROTOTYPES = YES;
				CLANG_WARN_SUSPICIOUS_MOVE = YES;
				CLANG_WARN_UNGUARDED_AVAILABILITY = YES_AGGRESSIVE;
				CLANG_WARN_UNREACHABLE_CODE = YES;
				CLANG_WARN__DUPLICATE_METHOD_MATCH = YES;
				COPY_PHASE_STRIP = NO;
				DEBUG_INFORMATION_FORMAT = "dwarf-with-dsym";
				ENABLE_NS_ASSERTIONS = NO;
				ENABLE_STRICT_OBJC_MSGSEND = YES;
				GCC_C_LANGUAGE_STANDARD = gnu11;
				GCC_NO_COMMON_BLOCKS = YES;
				GCC_WARN_64_TO_32_BIT_CONVERSION = YES;
				GCC_WARN_ABOUT_RETURN_TYPE = YES_ERROR;
				GCC_WARN_UNDECLARED_SELECTOR = YES;
				GCC_WARN_UNINITIALIZED_AUTOS = YES_AGGRESSIVE;
				GCC_WARN_UNUSED_FUNCTION = YES;
				GCC_WARN_UNUSED_VARIABLE = YES;
				IPHONEOS_DEPLOYMENT_TARGET = 13.1;
				MTL_ENABLE_DEBUG_INFO = NO;
				MTL_FAST_MATH = YES;
				SDKROOT = iphoneos;
				SWIFT_COMPILATION_MODE = wholemodule;
				SWIFT_OPTIMIZATION_LEVEL = "-O";
				VALIDATE_PRODUCT = YES;
			};
			name = Release;
		};
		17B5864B2391C19C00572937 /* Debug */ = {
			isa = XCBuildConfiguration;
			buildSettings = {
				ASSETCATALOG_COMPILER_APPICON_NAME = AppIcon;
				CODE_SIGN_STYLE = Manual;
				DEVELOPMENT_TEAM = "";
				INFOPLIST_FILE = BankAccountEsgi/Info.plist;
				LD_RUNPATH_SEARCH_PATHS = (
					"$(inherited)",
					"@executable_path/Frameworks",
				);
				PRODUCT_BUNDLE_IDENTIFIER = com.benextcompany.BankAccountEsgi;
				PRODUCT_NAME = "$(TARGET_NAME)";
				PROVISIONING_PROFILE_SPECIFIER = "";
				SWIFT_VERSION = 5.0;
				TARGETED_DEVICE_FAMILY = "1,2";
			};
			name = Debug;
		};
		17B5864C2391C19C00572937 /* Release */ = {
			isa = XCBuildConfiguration;
			buildSettings = {
				ASSETCATALOG_COMPILER_APPICON_NAME = AppIcon;
				CODE_SIGN_STYLE = Manual;
				DEVELOPMENT_TEAM = "";
				INFOPLIST_FILE = BankAccountEsgi/Info.plist;
				LD_RUNPATH_SEARCH_PATHS = (
					"$(inherited)",
					"@executable_path/Frameworks",
				);
				PRODUCT_BUNDLE_IDENTIFIER = com.benextcompany.BankAccountEsgi;
				PRODUCT_NAME = "$(TARGET_NAME)";
				PROVISIONING_PROFILE_SPECIFIER = "";
				SWIFT_VERSION = 5.0;
				TARGETED_DEVICE_FAMILY = "1,2";
			};
			name = Release;
		};
		17B5864E2391C19C00572937 /* Debug */ = {
			isa = XCBuildConfiguration;
			buildSettings = {
				ALWAYS_EMBED_SWIFT_STANDARD_LIBRARIES = YES;
				BUNDLE_LOADER = "$(TEST_HOST)";
				CODE_SIGN_STYLE = Automatic;
				INFOPLIST_FILE = BankAccountEsgiTests/Info.plist;
				IPHONEOS_DEPLOYMENT_TARGET = 13.1;
				LD_RUNPATH_SEARCH_PATHS = (
					"$(inherited)",
					"@executable_path/Frameworks",
					"@loader_path/Frameworks",
				);
				PRODUCT_BUNDLE_IDENTIFIER = com.benextcompany.BankAccountEsgiTests;
				PRODUCT_NAME = "$(TARGET_NAME)";
				SWIFT_VERSION = 5.0;
				TARGETED_DEVICE_FAMILY = "1,2";
				TEST_HOST = "$(BUILT_PRODUCTS_DIR)/BankAccountEsgi.app/BankAccountEsgi";
			};
			name = Debug;
		};
		17B5864F2391C19C00572937 /* Release */ = {
			isa = XCBuildConfiguration;
			buildSettings = {
				ALWAYS_EMBED_SWIFT_STANDARD_LIBRARIES = YES;
				BUNDLE_LOADER = "$(TEST_HOST)";
				CODE_SIGN_STYLE = Automatic;
				INFOPLIST_FILE = BankAccountEsgiTests/Info.plist;
				IPHONEOS_DEPLOYMENT_TARGET = 13.1;
				LD_RUNPATH_SEARCH_PATHS = (
					"$(inherited)",
					"@executable_path/Frameworks",
					"@loader_path/Frameworks",
				);
				PRODUCT_BUNDLE_IDENTIFIER = com.benextcompany.BankAccountEsgiTests;
				PRODUCT_NAME = "$(TARGET_NAME)";
				SWIFT_VERSION = 5.0;
				TARGETED_DEVICE_FAMILY = "1,2";
				TEST_HOST = "$(BUILT_PRODUCTS_DIR)/BankAccountEsgi.app/BankAccountEsgi";
			};
			name = Release;
		};
/* End XCBuildConfiguration section */

/* Begin XCConfigurationList section */
		17B586262391C19B00572937 /* Build configuration list for PBXProject "BankAccountEsgi" */ = {
			isa = XCConfigurationList;
			buildConfigurations = (
				17B586482391C19C00572937 /* Debug */,
				17B586492391C19C00572937 /* Release */,
			);
			defaultConfigurationIsVisible = 0;
			defaultConfigurationName = Release;
		};
		17B5864A2391C19C00572937 /* Build configuration list for PBXNativeTarget "BankAccountEsgi" */ = {
			isa = XCConfigurationList;
			buildConfigurations = (
				17B5864B2391C19C00572937 /* Debug */,
				17B5864C2391C19C00572937 /* Release */,
			);
			defaultConfigurationIsVisible = 0;
			defaultConfigurationName = Release;
		};
		17B5864D2391C19C00572937 /* Build configuration list for PBXNativeTarget "BankAccountEsgiTests" */ = {
			isa = XCConfigurationList;
			buildConfigurations = (
				17B5864E2391C19C00572937 /* Debug */,
				17B5864F2391C19C00572937 /* Release */,
			);
			defaultConfigurationIsVisible = 0;
			defaultConfigurationName = Release;
		};
/* End XCConfigurationList section */
	};
	rootObject = 17B586232391C19B00572937 /* Project object */;
}
